
Microsoft Visual Studio Solution File, Format Version 12.00
# Visual Studio Version 16
VisualStudioVersion = 16.0.29519.181
MinimumVisualStudioVersion = 10.0.40219.1
Project("{FAE04EC0-301F-11D3-BF4B-00C04F79EFBC}") = "P01_StudentSystem", "P01_StudentSystem\P01_StudentSystem.csproj", "{FBC95A47-76D2-41EB-A17A-14D6D35C49A3}"
EndProject
Project("{FAE04EC0-301F-11D3-BF4B-00C04F79EFBC}") = "P01_StudentSystem.Data", "P01_StudentSystem.Data\P01_StudentSystem.Data.csproj", "{0ACFE293-DEFE-4A1A-BCF0-A32ABD6F380E}"
EndProject
Project("{FAE04EC0-301F-11D3-BF4B-00C04F79EFBC}") = "P01_StudentSystem.Data.Models", "P01_StudentSystem.Data.Models\P01_StudentSystem.Data.Models.csproj", "{F806B010-D131-4F7F-909E-BAF998AF947E}"
EndProject
Global
	GlobalSection(SolutionConfigurationPlatforms) = preSolution
		Debug|Any CPU = Debug|Any CPU
		Release|Any CPU = Release|Any CPU
	EndGlobalSection
	GlobalSection(ProjectConfigurationPlatforms) = postSolution
		{FBC95A47-76D2-41EB-A17A-14D6D35C49A3}.Debug|Any CPU.ActiveCfg = Debug|Any CPU
		{FBC95A47-76D2-41EB-A17A-14D6D35C49A3}.Debug|Any CPU.Build.0 = Debug|Any CPU
		{FBC95A47-76D2-41EB-A17A-14D6D35C49A3}.Release|Any CPU.ActiveCfg = Release|Any CPU
		{FBC95A47-76D2-41EB-A17A-14D6D35C49A3}.Release|Any CPU.Build.0 = Release|Any CPU
		{0ACFE293-DEFE-4A1A-BCF0-A32ABD6F380E}.Debug|Any CPU.ActiveCfg = Debug|Any CPU
		{0ACFE293-DEFE-4A1A-BCF0-A32ABD6F380E}.Debug|Any CPU.Build.0 = Debug|Any CPU
		{0ACFE293-DEFE-4A1A-BCF0-A32ABD6F380E}.Release|Any CPU.ActiveCfg = Release|Any CPU
		{0ACFE293-DEFE-4A1A-BCF0-A32ABD6F380E}.Release|Any CPU.Build.0 = Release|Any CPU
		{F806B010-D131-4F7F-909E-BAF998AF947E}.Debug|Any CPU.ActiveCfg = Debug|Any CPU
		{F806B010-D131-4F7F-909E-BAF998AF947E}.Debug|Any CPU.Build.0 = Debug|Any CPU
		{F806B010-D131-4F7F-909E-BAF998AF947E}.Release|Any CPU.ActiveCfg = Release|Any CPU
		{F806B010-D131-4F7F-909E-BAF998AF947E}.Release|Any CPU.Build.0 = Release|Any CPU
	EndGlobalSection
	GlobalSection(SolutionProperties) = preSolution
		HideSolutionNode = FALSE
	EndGlobalSection
	GlobalSection(ExtensibilityGlobals) = postSolution
		SolutionGuid = {BA751E72-2150-4E6D-80B0-11B266AFD910}
	EndGlobalSection
EndGlobal
