
Microsoft Visual Studio Solution File, Format Version 12.00
# Visual Studio Version 16
VisualStudioVersion = 16.0.29519.181
MinimumVisualStudioVersion = 10.0.40219.1
Project("{FAE04EC0-301F-11D3-BF4B-00C04F79EFBC}") = "SoftUni", "SoftUni\SoftUni.csproj", "{38FC9814-9257-4068-A3E2-CF45C89F0F14}"
EndProject
Global
	GlobalSection(SolutionConfigurationPlatforms) = preSolution
		Debug|Any CPU = Debug|Any CPU
		Release|Any CPU = Release|Any CPU
	EndGlobalSection
	GlobalSection(ProjectConfigurationPlatforms) = postSolution
		{38FC9814-9257-4068-A3E2-CF45C89F0F14}.Debug|Any CPU.ActiveCfg = Debug|Any CPU
		{38FC9814-9257-4068-A3E2-CF45C89F0F14}.Debug|Any CPU.Build.0 = Debug|Any CPU
		{38FC9814-9257-4068-A3E2-CF45C89F0F14}.Release|Any CPU.ActiveCfg = Release|Any CPU
		{38FC9814-9257-4068-A3E2-CF45C89F0F14}.Release|Any CPU.Build.0 = Release|Any CPU
	EndGlobalSection
	GlobalSection(SolutionProperties) = preSolution
		HideSolutionNode = FALSE
	EndGlobalSection
	GlobalSection(ExtensibilityGlobals) = postSolution
		SolutionGuid = {AED8FA77-D7DF-4AE9-BDCE-70CBC51A6744}
	EndGlobalSection
EndGlobal
